PODS:
  - CDNByeSDK (0.2.0):
    - CocoaLumberjack
    - GCDWebServer (~> 3.0)
    - GoogleWebRTC
    - SocketRocket
    - YYCache
  - CocoaLumberjack (3.5.3):
    - CocoaLumberjack/Core (= 3.5.3)
  - CocoaLumberjack/Core (3.5.3)
  - GCDWebServer (3.5.2):
    - GCDWebServer/Core (= 3.5.2)
  - GCDWebServer/Core (3.5.2)
  - GoogleWebRTC (1.1.27828)
  - SocketRocket (0.5.1)
  - YYCache (1.0.4)

DEPENDENCIES:
  - CDNByeSDK (from `../`)

SPEC REPOS:
  https://github.com/cocoapods/specs.git:
    - CocoaLumberjack
    - GCDWebServer
    - GoogleWebRTC
    - SocketRocket
    - YYCache

EXTERNAL SOURCES:
  CDNByeSDK:
    :path: "../"

SPEC CHECKSUMS:
  CDNByeSDK: cf92d7933bbbd42a7fbec353946db9d8c4bebe8c
  CocoaLumberjack: 2f44e60eb91c176d471fdba43b9e3eae6a721947
  GCDWebServer: ead88cd14596dd4eae4f5830b8877c87c8728990
  GoogleWebRTC: 55e46bee9ac2a4961542e9571bea589b64493f45
  SocketRocket: d57c7159b83c3c6655745cd15302aa24b6bae531
  YYCache: 8105b6638f5e849296c71f331ff83891a4942952

PODFILE CHECKSUM: ab3f18f668f3ed781d11a9c76c3014cf6c6bdac0

COCOAPODS: 1.6.1
