PODS:
  - CBCache (2.0.0)
  - CDNByeSDK (0.10.0):
    - CBCache (~> 2.0)
    - CocoaLumberjack (~> 3.5)
    - GCDWebServer (~> 3.5)
    - GoogleWebRTC (~> 1.1)
    - SocketRocket (~> 0.5)
  - CocoaLumberjack (3.5.3):
    - CocoaLumberjack/Core (= 3.5.3)
  - CocoaLumberjack/Core (3.5.3)
  - GCDWebServer (3.5.2):
    - GCDWebServer/Core (= 3.5.2)
  - GCDWebServer/Core (3.5.2)
  - GoogleWebRTC (1.1.27828)
  - SocketRocket (0.5.1)

DEPENDENCIES:
  - CDNByeSDK (from `../`)

SPEC REPOS:
  https://github.com/cocoapods/specs.git:
    - CBCache
    - CocoaLumberjack
    - GCDWebServer
    - GoogleWebRTC
    - SocketRocket

EXTERNAL SOURCES:
  CDNByeSDK:
    :path: "../"

SPEC CHECKSUMS:
  CBCache: 88cd2718ee29947c4da653e331813836eb962c39
  CDNByeSDK: c0810298e42e09facfc821c304e1d8b7b5b4e543
  CocoaLumberjack: 2f44e60eb91c176d471fdba43b9e3eae6a721947
  GCDWebServer: ead88cd14596dd4eae4f5830b8877c87c8728990
  GoogleWebRTC: 55e46bee9ac2a4961542e9571bea589b64493f45
  SocketRocket: d57c7159b83c3c6655745cd15302aa24b6bae531

PODFILE CHECKSUM: ab3f18f668f3ed781d11a9c76c3014cf6c6bdac0

COCOAPODS: 1.6.1
