PODS:
  - CDNByeSDK (1.3.0):
    - CocoaAsyncSocket (~> 7.6)
    - CocoaLumberjack (~> 3.5)
    - GCDWebServer (~> 3.5)
    - GoogleWebRTC (= 1.1.26989)
    - PINCache (~> 2.3)
    - SocketRocket (~> 0.5)
  - CocoaAsyncSocket (7.6.3)
  - CocoaLumberjack (3.5.3):
    - CocoaLumberjack/Core (= 3.5.3)
  - CocoaLumberjack/Core (3.5.3)
  - GCDWebServer (3.5.2):
    - GCDWebServer/Core (= 3.5.2)
  - GCDWebServer/Core (3.5.2)
  - GoogleWebRTC (1.1.26989)
  - PINCache (2.3)
  - SocketRocket (0.5.1)

DEPENDENCIES:
  - CDNByeSDK (from `../`)

SPEC REPOS:
  https://github.com/cocoapods/specs.git:
    - CocoaAsyncSocket
    - CocoaLumberjack
    - GCDWebServer
    - GoogleWebRTC
    - PINCache
    - SocketRocket

EXTERNAL SOURCES:
  CDNByeSDK:
    :path: "../"

SPEC CHECKSUMS:
  CDNByeSDK: b7da2274cd1e63a1f4348061dce0dd3f93723f0f
  CocoaAsyncSocket: eafaa68a7e0ec99ead0a7b35015e0bf25d2c8987
  CocoaLumberjack: 2f44e60eb91c176d471fdba43b9e3eae6a721947
  GCDWebServer: ead88cd14596dd4eae4f5830b8877c87c8728990
  GoogleWebRTC: ee984407e3a0fa1183d605900d9c71eee8cbcbdf
  PINCache: ce36ed282031b92fc7733ffe831f474ff80fddc2
  SocketRocket: d57c7159b83c3c6655745cd15302aa24b6bae531

PODFILE CHECKSUM: ab3f18f668f3ed781d11a9c76c3014cf6c6bdac0

COCOAPODS: 1.6.1
