{
  "pins" : [
    {
      "identity" : "swarmcloudkit",
      "kind" : "remoteSourceControl",
      "location" : "https://github.com/swarm-cloud/SwarmCloudKit",
      "state" : {
        "branch" : "main",
        "revision" : "fde7771b464d79133ca209f5adcd09aa6cd65d94"
      }
    }
  ],
  "version" : 2
}
