{
  "pins" : [
    {
      "identity" : "swarmcloudkit",
      "kind" : "remoteSourceControl",
      "location" : "https://github.com/swarm-cloud/SwarmCloudKit",
      "state" : {
        "branch" : "main",
        "revision" : "60996a914c53c697e3fb215d72c6f9aee8f00420"
      }
    }
  ],
  "version" : 2
}
